
Microsoft Visual Studio Solution File, Format Version 12.00
# Visual Studio Version 17
VisualStudioVersion = 17.8.34322.80
MinimumVisualStudioVersion = 10.0.40219.1
Project("{FAE04EC0-301F-11D3-BF4B-00C04F79EFBC}") = "SurRon-VIN", "SurRon-VIN.csproj", "{32EEFF8A-52A9-4EDD-AF20-BBDAD6336BEC}"
EndProject
Global
	GlobalSection(SolutionConfigurationPlatforms) = preSolution
		Debug|Any CPU = Debug|Any CPU
		Release|Any CPU = Release|Any CPU
	EndGlobalSection
	GlobalSection(ProjectConfigurationPlatforms) = postSolution
		{32EEFF8A-52A9-4EDD-AF20-BBDAD6336BEC}.Debug|Any CPU.ActiveCfg = Debug|Any CPU
		{32EEFF8A-52A9-4EDD-AF20-BBDAD6336BEC}.Debug|Any CPU.Build.0 = Debug|Any CPU
		{32EEFF8A-52A9-4EDD-AF20-BBDAD6336BEC}.Release|Any CPU.ActiveCfg = Release|Any CPU
		{32EEFF8A-52A9-4EDD-AF20-BBDAD6336BEC}.Release|Any CPU.Build.0 = Release|Any CPU
	EndGlobalSection
	GlobalSection(SolutionProperties) = preSolution
		HideSolutionNode = FALSE
	EndGlobalSection
	GlobalSection(ExtensibilityGlobals) = postSolution
		SolutionGuid = {2996AB45-7D72-4CA5-8D28-08DB84617080}
	EndGlobalSection
EndGlobal
